
Microsoft Visual Studio Solution File, Format Version 12.00
# Visual Studio Version 17
VisualStudioVersion = 17.10.35122.118
MinimumVisualStudioVersion = 10.0.40219.1
Project("{9A19103F-16F7-4668-BE54-9A1E7A4F7556}") = "Module9.Unit1", "Module9.Unit1\Module9.Unit1.csproj", "{1A9430F5-EA73-4C49-8045-FE57B4A5642F}"
EndProject
Project("{9A19103F-16F7-4668-BE54-9A1E7A4F7556}") = "Module9.Unit2", "Module9.Unit2\Module9.Unit2.csproj", "{9194AFF1-84A6-4D99-8356-AC9E987791A0}"
EndProject
Project("{9A19103F-16F7-4668-BE54-9A1E7A4F7556}") = "Module9.Unit3", "Module9.Task3\Module9.Unit3.csproj", "{583BC307-7118-410A-81C8-A636648E19ED}"
EndProject
Project("{FAE04EC0-301F-11D3-BF4B-00C04F79EFBC}") = "Module9.Unit3.1", "Module9.Unit3.1\Module9.Unit3.1.csproj", "{D9723899-54AF-4587-A28B-DB7A2D2AD542}"
EndProject
Global
	GlobalSection(SolutionConfigurationPlatforms) = preSolution
		Debug|Any CPU = Debug|Any CPU
		Release|Any CPU = Release|Any CPU
	EndGlobalSection
	GlobalSection(ProjectConfigurationPlatforms) = postSolution
		{1A9430F5-EA73-4C49-8045-FE57B4A5642F}.Debug|Any CPU.ActiveCfg = Debug|Any CPU
		{1A9430F5-EA73-4C49-8045-FE57B4A5642F}.Debug|Any CPU.Build.0 = Debug|Any CPU
		{1A9430F5-EA73-4C49-8045-FE57B4A5642F}.Release|Any CPU.ActiveCfg = Release|Any CPU
		{1A9430F5-EA73-4C49-8045-FE57B4A5642F}.Release|Any CPU.Build.0 = Release|Any CPU
		{9194AFF1-84A6-4D99-8356-AC9E987791A0}.Debug|Any CPU.ActiveCfg = Debug|Any CPU
		{9194AFF1-84A6-4D99-8356-AC9E987791A0}.Debug|Any CPU.Build.0 = Debug|Any CPU
		{9194AFF1-84A6-4D99-8356-AC9E987791A0}.Release|Any CPU.ActiveCfg = Release|Any CPU
		{9194AFF1-84A6-4D99-8356-AC9E987791A0}.Release|Any CPU.Build.0 = Release|Any CPU
		{583BC307-7118-410A-81C8-A636648E19ED}.Debug|Any CPU.ActiveCfg = Debug|Any CPU
		{583BC307-7118-410A-81C8-A636648E19ED}.Debug|Any CPU.Build.0 = Debug|Any CPU
		{583BC307-7118-410A-81C8-A636648E19ED}.Release|Any CPU.ActiveCfg = Release|Any CPU
		{583BC307-7118-410A-81C8-A636648E19ED}.Release|Any CPU.Build.0 = Release|Any CPU
		{D9723899-54AF-4587-A28B-DB7A2D2AD542}.Debug|Any CPU.ActiveCfg = Debug|Any CPU
		{D9723899-54AF-4587-A28B-DB7A2D2AD542}.Debug|Any CPU.Build.0 = Debug|Any CPU
		{D9723899-54AF-4587-A28B-DB7A2D2AD542}.Release|Any CPU.ActiveCfg = Release|Any CPU
		{D9723899-54AF-4587-A28B-DB7A2D2AD542}.Release|Any CPU.Build.0 = Release|Any CPU
	EndGlobalSection
	GlobalSection(SolutionProperties) = preSolution
		HideSolutionNode = FALSE
	EndGlobalSection
	GlobalSection(ExtensibilityGlobals) = postSolution
		SolutionGuid = {A23036AB-CC4C-4514-9B10-E2AE6B9EBEE7}
	EndGlobalSection
EndGlobal
